
Microsoft Visual Studio Solution File, Format Version 12.00
# Visual Studio Version 17
VisualStudioVersion = 17.1.32210.238
MinimumVisualStudioVersion = 10.0.40219.1
Project("{FAE04EC0-301F-11D3-BF4B-00C04F79EFBC}") = "Xcommunity.Launcher.Cli", "Xcommunity.Launcher.Cli\Xcommunity.Launcher.Cli.csproj", "{A23FD47A-48EB-4B38-B6F4-67B13DD448C0}"
EndProject
Project("{FAE04EC0-301F-11D3-BF4B-00C04F79EFBC}") = "Xcommunity.Launcher.Core", "Xcommunity.Launcher.Core\Xcommunity.Launcher.Core.csproj", "{BBB07BC5-0426-4A6A-B1B7-F885AC974509}"
EndProject
Project("{FAE04EC0-301F-11D3-BF4B-00C04F79EFBC}") = "Xcommunity.Launcher.Gui", "Xcommunity.Launcher.Gui\Xcommunity.Launcher.Gui.csproj", "{3ADD981D-60F1-4E64-AD65-769C5ED74645}"
EndProject
Global
	GlobalSection(SolutionConfigurationPlatforms) = preSolution
		Debug|Any CPU = Debug|Any CPU
		Release|Any CPU = Release|Any CPU
	EndGlobalSection
	GlobalSection(ProjectConfigurationPlatforms) = postSolution
		{A23FD47A-48EB-4B38-B6F4-67B13DD448C0}.Debug|Any CPU.ActiveCfg = Debug|Any CPU
		{A23FD47A-48EB-4B38-B6F4-67B13DD448C0}.Debug|Any CPU.Build.0 = Debug|Any CPU
		{A23FD47A-48EB-4B38-B6F4-67B13DD448C0}.Release|Any CPU.ActiveCfg = Release|Any CPU
		{A23FD47A-48EB-4B38-B6F4-67B13DD448C0}.Release|Any CPU.Build.0 = Release|Any CPU
		{BBB07BC5-0426-4A6A-B1B7-F885AC974509}.Debug|Any CPU.ActiveCfg = Debug|Any CPU
		{BBB07BC5-0426-4A6A-B1B7-F885AC974509}.Debug|Any CPU.Build.0 = Debug|Any CPU
		{BBB07BC5-0426-4A6A-B1B7-F885AC974509}.Release|Any CPU.ActiveCfg = Release|Any CPU
		{BBB07BC5-0426-4A6A-B1B7-F885AC974509}.Release|Any CPU.Build.0 = Release|Any CPU
		{3ADD981D-60F1-4E64-AD65-769C5ED74645}.Debug|Any CPU.ActiveCfg = Debug|Any CPU
		{3ADD981D-60F1-4E64-AD65-769C5ED74645}.Debug|Any CPU.Build.0 = Debug|Any CPU
		{3ADD981D-60F1-4E64-AD65-769C5ED74645}.Release|Any CPU.ActiveCfg = Release|Any CPU
		{3ADD981D-60F1-4E64-AD65-769C5ED74645}.Release|Any CPU.Build.0 = Release|Any CPU
	EndGlobalSection
	GlobalSection(SolutionProperties) = preSolution
		HideSolutionNode = FALSE
	EndGlobalSection
	GlobalSection(ExtensibilityGlobals) = postSolution
		SolutionGuid = {EC74601F-ACFC-453B-BA1B-C91AF54E2B06}
	EndGlobalSection
EndGlobal
